
Microsoft Visual Studio Solution File, Format Version 12.00
# Visual Studio Version 17
VisualStudioVersion = 17.0.32014.148
MinimumVisualStudioVersion = 10.0.40219.1
Project("{2150E333-8FDC-42A3-9474-1A3956D46DE8}") = "MicrosoftHostSample", "MicrosoftHostSample", "{878F600A-21A1-455F-AB35-6D2180BC8985}"
EndProject
Project("{9A19103F-16F7-4668-BE54-9A1E7A4F7556}") = "HostSample", "Host.Research\HostSample.csproj", "{D46DEEEF-C7DC-421A-A23E-1F741A7E0C4F}"
EndProject
Project("{2150E333-8FDC-42A3-9474-1A3956D46DE8}") = "MultiHostinInNServiceBus", "MultiHostinInNServiceBus", "{C2EE013E-B36E-46F9-B65B-F018505E1753}"
EndProject
Project("{9A19103F-16F7-4668-BE54-9A1E7A4F7556}") = "Shared", "Shared\Shared.csproj", "{D647D38C-F3DB-4E1A-932A-A9D09694366D}"
EndProject
Project("{9A19103F-16F7-4668-BE54-9A1E7A4F7556}") = "Sample.Sender", "Sample.Sender\Sample.Sender.csproj", "{9D965841-32DA-493E-9D71-E5800D568832}"
EndProject
Project("{9A19103F-16F7-4668-BE54-9A1E7A4F7556}") = "Sample.MultiHosting", "Sample.MultiHosting\Sample.MultiHosting.csproj", "{E07C7453-2F6A-4461-A18C-CF08EAD0966B}"
EndProject
Project("{9A19103F-16F7-4668-BE54-9A1E7A4F7556}") = "Instance2", "Instance2\Instance2.csproj", "{450EDD7B-A475-4855-85AC-DABB16E9F01A}"
EndProject
Project("{9A19103F-16F7-4668-BE54-9A1E7A4F7556}") = "Instance1", "Instance1\Instance1.csproj", "{8E4FBFBB-3261-477C-A21B-65182EB87F23}"
EndProject
Project("{2150E333-8FDC-42A3-9474-1A3956D46DE8}") = "HashiCorpConsule", "HashiCorpConsule", "{112D82BE-E910-4587-AF91-62C0B5396331}"
EndProject
Project("{9A19103F-16F7-4668-BE54-9A1E7A4F7556}") = "ConsulSample", "ConsulSample\ConsulSample.csproj", "{533ECC10-BEB3-40CF-8C86-4F7E876DB02B}"
EndProject
Project("{2150E333-8FDC-42A3-9474-1A3956D46DE8}") = "RetailDemoForNServiceBus", "RetailDemoForNServiceBus", "{07BF3C5C-50F0-406C-9CF8-2936439B85B8}"
EndProject
Project("{9A19103F-16F7-4668-BE54-9A1E7A4F7556}") = "Billing", "Billing\Billing.csproj", "{681D38C4-09AB-48A4-8451-68A16C94ACE5}"
EndProject
Project("{9A19103F-16F7-4668-BE54-9A1E7A4F7556}") = "Messages", "Messages\Messages.csproj", "{B1B23B01-3C8F-4E4B-9455-7AFC5E6D3A61}"
EndProject
Project("{9A19103F-16F7-4668-BE54-9A1E7A4F7556}") = "Platform", "Platform\Platform.csproj", "{CB2D8439-D1FC-4CF2-9EC3-E2B4972FE5FC}"
EndProject
Project("{9A19103F-16F7-4668-BE54-9A1E7A4F7556}") = "Sales", "Sales\Sales.csproj", "{670B8F84-B0FF-4F55-9BF3-D666D9F46E5D}"
EndProject
Project("{9A19103F-16F7-4668-BE54-9A1E7A4F7556}") = "Shipping", "Shipping\Shipping.csproj", "{EF31A7A2-AE8F-40DD-87E7-4240B2169163}"
EndProject
Project("{9A19103F-16F7-4668-BE54-9A1E7A4F7556}") = "ClientUI", "ClientUI\ClientUI.csproj", "{A54F0E3C-A3D4-4A6E-A3B8-66EC1D45339E}"
EndProject
Project("{2150E333-8FDC-42A3-9474-1A3956D46DE8}") = "TemplateMethodDesignPattern", "TemplateMethodDesignPattern", "{649EF009-A6CA-4793-979D-4ABE3D9359E7}"
EndProject
Project("{9A19103F-16F7-4668-BE54-9A1E7A4F7556}") = "TemplateMethodDesignPatternSample", "TemplateMethodDesignPatternSample\TemplateMethodDesignPatternSample.csproj", "{4C92ED2F-EE0D-4653-B3E4-E1E686750928}"
EndProject
Project("{2150E333-8FDC-42A3-9474-1A3956D46DE8}") = "BuilderPattern", "BuilderPattern", "{747E8E91-6428-4F2A-8B08-E070E1779A00}"
EndProject
Project("{9A19103F-16F7-4668-BE54-9A1E7A4F7556}") = "BuilderPatternPractise", "BuilderPatternPractise\BuilderPatternPractise.csproj", "{95FE061D-9663-4AAC-BC86-59563B16679C}"
EndProject
Project("{2150E333-8FDC-42A3-9474-1A3956D46DE8}") = "PolymorphicModelBinderSample", "PolymorphicModelBinderSample", "{8368BDD8-2593-4E88-BF69-C3AEA06AF797}"
EndProject
Project("{9A19103F-16F7-4668-BE54-9A1E7A4F7556}") = "ModelBinderPersonSample", "ModelBinderPersonSample\ModelBinderPersonSample.csproj", "{F9B04D0A-14A4-4C8B-BF29-D8596FD223C1}"
EndProject
Project("{9A19103F-16F7-4668-BE54-9A1E7A4F7556}") = "MonitorSample", "MonitorSample\MonitorSample.csproj", "{5FF631A4-EE01-42A3-ABB0-A3C260605136}"
EndProject
Project("{2150E333-8FDC-42A3-9474-1A3956D46DE8}") = "Concurrency", "Concurrency", "{C61F24F8-0F89-4DFF-BFCA-2F342C353B80}"
EndProject
Project("{9A19103F-16F7-4668-BE54-9A1E7A4F7556}") = "MutexSample", "MutexSample\MutexSample.csproj", "{F3F5A65A-091D-4314-946C-1CD4121FAA67}"
EndProject
Project("{9A19103F-16F7-4668-BE54-9A1E7A4F7556}") = "Semaphore", "Semaphore\Semaphore.csproj", "{FD81B171-88BC-4C00-96AF-1230B994DCE5}"
EndProject
Project("{9A19103F-16F7-4668-BE54-9A1E7A4F7556}") = "SemaphoreSlimSample", "SemaphoreSlimSample\SemaphoreSlimSample.csproj", "{CFF9A55F-99E9-465D-92FA-AF2A578999EE}"
EndProject
Project("{9A19103F-16F7-4668-BE54-9A1E7A4F7556}") = "ReaderWriterLock", "ReaderWriterLock\ReaderWriterLock.csproj", "{07D64EF7-CF03-461B-8A80-9711B2C30B39}"
EndProject
Project("{2150E333-8FDC-42A3-9474-1A3956D46DE8}") = "PriorityQueueSample", "PriorityQueueSample", "{6742F8E3-4EB6-4494-935F-530FCD0C7BEE}"
EndProject
Project("{9A19103F-16F7-4668-BE54-9A1E7A4F7556}") = "PriorityQueueSample", "PriorityQueueSample\PriorityQueueSample.csproj", "{C7BD88A7-CD42-4FE3-AB55-0660E9DDBC29}"
EndProject
Project("{2150E333-8FDC-42A3-9474-1A3956D46DE8}") = "DesignPatterns", "DesignPatterns", "{34BEE5C9-2FCD-43A6-BA21-0AFD9070EA9D}"
EndProject
Project("{9A19103F-16F7-4668-BE54-9A1E7A4F7556}") = "StateDesignPattern", "StateDesignPattern\StateDesignPattern.csproj", "{409438E0-163A-4940-B116-DE5BB7695168}"
EndProject
Project("{9A19103F-16F7-4668-BE54-9A1E7A4F7556}") = "BlockingCollectionSample", "BlockingCollectionSample\BlockingCollectionSample.csproj", "{F98AA90A-96A9-4169-B50B-6FE2B0287F89}"
EndProject
Project("{9A19103F-16F7-4668-BE54-9A1E7A4F7556}") = "CommandDesignPatternSample", "CommandDesignPatternSample\CommandDesignPatternSample.csproj", "{1BE3C248-D2B7-4AB6-8E1C-FB0FAC97B463}"
EndProject
Project("{9A19103F-16F7-4668-BE54-9A1E7A4F7556}") = "DecoratorDesingPatternSample", "DecoratorDesingPatternSample\DecoratorDesingPatternSample.csproj", "{DA703826-6F76-4776-9D6D-1B402DA881F1}"
EndProject
Project("{9A19103F-16F7-4668-BE54-9A1E7A4F7556}") = "ObserverDesignPatternSample", "ObserverDesignPatternSample\ObserverDesignPatternSample.csproj", "{206B3A8E-2BDD-4640-AFD8-3096E59BF53A}"
EndProject
Project("{2150E333-8FDC-42A3-9474-1A3956D46DE8}") = "TDD", "TDD", "{9FB4945E-586E-48DB-B72C-F43DFF466C2C}"
EndProject
Project("{FAE04EC0-301F-11D3-BF4B-00C04F79EFBC}") = "FluentAssertionSample", "FluentAssertionSample\FluentAssertionSample.csproj", "{919EF6C3-17E7-4557-A4C1-F76492357899}"
EndProject
Global
	GlobalSection(SolutionConfigurationPlatforms) = preSolution
		Debug|Any CPU = Debug|Any CPU
		Release|Any CPU = Release|Any CPU
	EndGlobalSection
	GlobalSection(ProjectConfigurationPlatforms) = postSolution
		{D46DEEEF-C7DC-421A-A23E-1F741A7E0C4F}.Debug|Any CPU.ActiveCfg = Debug|Any CPU
		{D46DEEEF-C7DC-421A-A23E-1F741A7E0C4F}.Debug|Any CPU.Build.0 = Debug|Any CPU
		{D46DEEEF-C7DC-421A-A23E-1F741A7E0C4F}.Release|Any CPU.ActiveCfg = Release|Any CPU
		{D46DEEEF-C7DC-421A-A23E-1F741A7E0C4F}.Release|Any CPU.Build.0 = Release|Any CPU
		{D647D38C-F3DB-4E1A-932A-A9D09694366D}.Debug|Any CPU.ActiveCfg = Debug|Any CPU
		{D647D38C-F3DB-4E1A-932A-A9D09694366D}.Debug|Any CPU.Build.0 = Debug|Any CPU
		{D647D38C-F3DB-4E1A-932A-A9D09694366D}.Release|Any CPU.ActiveCfg = Release|Any CPU
		{D647D38C-F3DB-4E1A-932A-A9D09694366D}.Release|Any CPU.Build.0 = Release|Any CPU
		{9D965841-32DA-493E-9D71-E5800D568832}.Debug|Any CPU.ActiveCfg = Debug|Any CPU
		{9D965841-32DA-493E-9D71-E5800D568832}.Debug|Any CPU.Build.0 = Debug|Any CPU
		{9D965841-32DA-493E-9D71-E5800D568832}.Release|Any CPU.ActiveCfg = Release|Any CPU
		{9D965841-32DA-493E-9D71-E5800D568832}.Release|Any CPU.Build.0 = Release|Any CPU
		{E07C7453-2F6A-4461-A18C-CF08EAD0966B}.Debug|Any CPU.ActiveCfg = Debug|Any CPU
		{E07C7453-2F6A-4461-A18C-CF08EAD0966B}.Debug|Any CPU.Build.0 = Debug|Any CPU
		{E07C7453-2F6A-4461-A18C-CF08EAD0966B}.Release|Any CPU.ActiveCfg = Release|Any CPU
		{E07C7453-2F6A-4461-A18C-CF08EAD0966B}.Release|Any CPU.Build.0 = Release|Any CPU
		{450EDD7B-A475-4855-85AC-DABB16E9F01A}.Debug|Any CPU.ActiveCfg = Debug|Any CPU
		{450EDD7B-A475-4855-85AC-DABB16E9F01A}.Debug|Any CPU.Build.0 = Debug|Any CPU
		{450EDD7B-A475-4855-85AC-DABB16E9F01A}.Release|Any CPU.ActiveCfg = Release|Any CPU
		{450EDD7B-A475-4855-85AC-DABB16E9F01A}.Release|Any CPU.Build.0 = Release|Any CPU
		{8E4FBFBB-3261-477C-A21B-65182EB87F23}.Debug|Any CPU.ActiveCfg = Debug|Any CPU
		{8E4FBFBB-3261-477C-A21B-65182EB87F23}.Debug|Any CPU.Build.0 = Debug|Any CPU
		{8E4FBFBB-3261-477C-A21B-65182EB87F23}.Release|Any CPU.ActiveCfg = Release|Any CPU
		{8E4FBFBB-3261-477C-A21B-65182EB87F23}.Release|Any CPU.Build.0 = Release|Any CPU
		{533ECC10-BEB3-40CF-8C86-4F7E876DB02B}.Debug|Any CPU.ActiveCfg = Debug|Any CPU
		{533ECC10-BEB3-40CF-8C86-4F7E876DB02B}.Debug|Any CPU.Build.0 = Debug|Any CPU
		{533ECC10-BEB3-40CF-8C86-4F7E876DB02B}.Release|Any CPU.ActiveCfg = Release|Any CPU
		{533ECC10-BEB3-40CF-8C86-4F7E876DB02B}.Release|Any CPU.Build.0 = Release|Any CPU
		{681D38C4-09AB-48A4-8451-68A16C94ACE5}.Debug|Any CPU.ActiveCfg = Debug|Any CPU
		{681D38C4-09AB-48A4-8451-68A16C94ACE5}.Debug|Any CPU.Build.0 = Debug|Any CPU
		{681D38C4-09AB-48A4-8451-68A16C94ACE5}.Release|Any CPU.ActiveCfg = Release|Any CPU
		{681D38C4-09AB-48A4-8451-68A16C94ACE5}.Release|Any CPU.Build.0 = Release|Any CPU
		{B1B23B01-3C8F-4E4B-9455-7AFC5E6D3A61}.Debug|Any CPU.ActiveCfg = Debug|Any CPU
		{B1B23B01-3C8F-4E4B-9455-7AFC5E6D3A61}.Debug|Any CPU.Build.0 = Debug|Any CPU
		{B1B23B01-3C8F-4E4B-9455-7AFC5E6D3A61}.Release|Any CPU.ActiveCfg = Release|Any CPU
		{B1B23B01-3C8F-4E4B-9455-7AFC5E6D3A61}.Release|Any CPU.Build.0 = Release|Any CPU
		{CB2D8439-D1FC-4CF2-9EC3-E2B4972FE5FC}.Debug|Any CPU.ActiveCfg = Debug|Any CPU
		{CB2D8439-D1FC-4CF2-9EC3-E2B4972FE5FC}.Debug|Any CPU.Build.0 = Debug|Any CPU
		{CB2D8439-D1FC-4CF2-9EC3-E2B4972FE5FC}.Release|Any CPU.ActiveCfg = Release|Any CPU
		{CB2D8439-D1FC-4CF2-9EC3-E2B4972FE5FC}.Release|Any CPU.Build.0 = Release|Any CPU
		{670B8F84-B0FF-4F55-9BF3-D666D9F46E5D}.Debug|Any CPU.ActiveCfg = Debug|Any CPU
		{670B8F84-B0FF-4F55-9BF3-D666D9F46E5D}.Debug|Any CPU.Build.0 = Debug|Any CPU
		{670B8F84-B0FF-4F55-9BF3-D666D9F46E5D}.Release|Any CPU.ActiveCfg = Release|Any CPU
		{670B8F84-B0FF-4F55-9BF3-D666D9F46E5D}.Release|Any CPU.Build.0 = Release|Any CPU
		{EF31A7A2-AE8F-40DD-87E7-4240B2169163}.Debug|Any CPU.ActiveCfg = Debug|Any CPU
		{EF31A7A2-AE8F-40DD-87E7-4240B2169163}.Debug|Any CPU.Build.0 = Debug|Any CPU
		{EF31A7A2-AE8F-40DD-87E7-4240B2169163}.Release|Any CPU.ActiveCfg = Release|Any CPU
		{EF31A7A2-AE8F-40DD-87E7-4240B2169163}.Release|Any CPU.Build.0 = Release|Any CPU
		{A54F0E3C-A3D4-4A6E-A3B8-66EC1D45339E}.Debug|Any CPU.ActiveCfg = Debug|Any CPU
		{A54F0E3C-A3D4-4A6E-A3B8-66EC1D45339E}.Debug|Any CPU.Build.0 = Debug|Any CPU
		{A54F0E3C-A3D4-4A6E-A3B8-66EC1D45339E}.Release|Any CPU.ActiveCfg = Release|Any CPU
		{A54F0E3C-A3D4-4A6E-A3B8-66EC1D45339E}.Release|Any CPU.Build.0 = Release|Any CPU
		{4C92ED2F-EE0D-4653-B3E4-E1E686750928}.Debug|Any CPU.ActiveCfg = Debug|Any CPU
		{4C92ED2F-EE0D-4653-B3E4-E1E686750928}.Debug|Any CPU.Build.0 = Debug|Any CPU
		{4C92ED2F-EE0D-4653-B3E4-E1E686750928}.Release|Any CPU.ActiveCfg = Release|Any CPU
		{4C92ED2F-EE0D-4653-B3E4-E1E686750928}.Release|Any CPU.Build.0 = Release|Any CPU
		{95FE061D-9663-4AAC-BC86-59563B16679C}.Debug|Any CPU.ActiveCfg = Debug|Any CPU
		{95FE061D-9663-4AAC-BC86-59563B16679C}.Debug|Any CPU.Build.0 = Debug|Any CPU
		{95FE061D-9663-4AAC-BC86-59563B16679C}.Release|Any CPU.ActiveCfg = Release|Any CPU
		{95FE061D-9663-4AAC-BC86-59563B16679C}.Release|Any CPU.Build.0 = Release|Any CPU
		{F9B04D0A-14A4-4C8B-BF29-D8596FD223C1}.Debug|Any CPU.ActiveCfg = Debug|Any CPU
		{F9B04D0A-14A4-4C8B-BF29-D8596FD223C1}.Debug|Any CPU.Build.0 = Debug|Any CPU
		{F9B04D0A-14A4-4C8B-BF29-D8596FD223C1}.Release|Any CPU.ActiveCfg = Release|Any CPU
		{F9B04D0A-14A4-4C8B-BF29-D8596FD223C1}.Release|Any CPU.Build.0 = Release|Any CPU
		{5FF631A4-EE01-42A3-ABB0-A3C260605136}.Debug|Any CPU.ActiveCfg = Debug|Any CPU
		{5FF631A4-EE01-42A3-ABB0-A3C260605136}.Debug|Any CPU.Build.0 = Debug|Any CPU
		{5FF631A4-EE01-42A3-ABB0-A3C260605136}.Release|Any CPU.ActiveCfg = Release|Any CPU
		{5FF631A4-EE01-42A3-ABB0-A3C260605136}.Release|Any CPU.Build.0 = Release|Any CPU
		{F3F5A65A-091D-4314-946C-1CD4121FAA67}.Debug|Any CPU.ActiveCfg = Debug|Any CPU
		{F3F5A65A-091D-4314-946C-1CD4121FAA67}.Debug|Any CPU.Build.0 = Debug|Any CPU
		{F3F5A65A-091D-4314-946C-1CD4121FAA67}.Release|Any CPU.ActiveCfg = Release|Any CPU
		{F3F5A65A-091D-4314-946C-1CD4121FAA67}.Release|Any CPU.Build.0 = Release|Any CPU
		{FD81B171-88BC-4C00-96AF-1230B994DCE5}.Debug|Any CPU.ActiveCfg = Debug|Any CPU
		{FD81B171-88BC-4C00-96AF-1230B994DCE5}.Debug|Any CPU.Build.0 = Debug|Any CPU
		{FD81B171-88BC-4C00-96AF-1230B994DCE5}.Release|Any CPU.ActiveCfg = Release|Any CPU
		{FD81B171-88BC-4C00-96AF-1230B994DCE5}.Release|Any CPU.Build.0 = Release|Any CPU
		{CFF9A55F-99E9-465D-92FA-AF2A578999EE}.Debug|Any CPU.ActiveCfg = Debug|Any CPU
		{CFF9A55F-99E9-465D-92FA-AF2A578999EE}.Debug|Any CPU.Build.0 = Debug|Any CPU
		{CFF9A55F-99E9-465D-92FA-AF2A578999EE}.Release|Any CPU.ActiveCfg = Release|Any CPU
		{CFF9A55F-99E9-465D-92FA-AF2A578999EE}.Release|Any CPU.Build.0 = Release|Any CPU
		{07D64EF7-CF03-461B-8A80-9711B2C30B39}.Debug|Any CPU.ActiveCfg = Debug|Any CPU
		{07D64EF7-CF03-461B-8A80-9711B2C30B39}.Debug|Any CPU.Build.0 = Debug|Any CPU
		{07D64EF7-CF03-461B-8A80-9711B2C30B39}.Release|Any CPU.ActiveCfg = Release|Any CPU
		{07D64EF7-CF03-461B-8A80-9711B2C30B39}.Release|Any CPU.Build.0 = Release|Any CPU
		{C7BD88A7-CD42-4FE3-AB55-0660E9DDBC29}.Debug|Any CPU.ActiveCfg = Debug|Any CPU
		{C7BD88A7-CD42-4FE3-AB55-0660E9DDBC29}.Debug|Any CPU.Build.0 = Debug|Any CPU
		{C7BD88A7-CD42-4FE3-AB55-0660E9DDBC29}.Release|Any CPU.ActiveCfg = Release|Any CPU
		{C7BD88A7-CD42-4FE3-AB55-0660E9DDBC29}.Release|Any CPU.Build.0 = Release|Any CPU
		{409438E0-163A-4940-B116-DE5BB7695168}.Debug|Any CPU.ActiveCfg = Debug|Any CPU
		{409438E0-163A-4940-B116-DE5BB7695168}.Debug|Any CPU.Build.0 = Debug|Any CPU
		{409438E0-163A-4940-B116-DE5BB7695168}.Release|Any CPU.ActiveCfg = Release|Any CPU
		{409438E0-163A-4940-B116-DE5BB7695168}.Release|Any CPU.Build.0 = Release|Any CPU
		{F98AA90A-96A9-4169-B50B-6FE2B0287F89}.Debug|Any CPU.ActiveCfg = Debug|Any CPU
		{F98AA90A-96A9-4169-B50B-6FE2B0287F89}.Debug|Any CPU.Build.0 = Debug|Any CPU
		{F98AA90A-96A9-4169-B50B-6FE2B0287F89}.Release|Any CPU.ActiveCfg = Release|Any CPU
		{F98AA90A-96A9-4169-B50B-6FE2B0287F89}.Release|Any CPU.Build.0 = Release|Any CPU
		{1BE3C248-D2B7-4AB6-8E1C-FB0FAC97B463}.Debug|Any CPU.ActiveCfg = Debug|Any CPU
		{1BE3C248-D2B7-4AB6-8E1C-FB0FAC97B463}.Debug|Any CPU.Build.0 = Debug|Any CPU
		{1BE3C248-D2B7-4AB6-8E1C-FB0FAC97B463}.Release|Any CPU.ActiveCfg = Release|Any CPU
		{1BE3C248-D2B7-4AB6-8E1C-FB0FAC97B463}.Release|Any CPU.Build.0 = Release|Any CPU
		{DA703826-6F76-4776-9D6D-1B402DA881F1}.Debug|Any CPU.ActiveCfg = Debug|Any CPU
		{DA703826-6F76-4776-9D6D-1B402DA881F1}.Debug|Any CPU.Build.0 = Debug|Any CPU
		{DA703826-6F76-4776-9D6D-1B402DA881F1}.Release|Any CPU.ActiveCfg = Release|Any CPU
		{DA703826-6F76-4776-9D6D-1B402DA881F1}.Release|Any CPU.Build.0 = Release|Any CPU
		{206B3A8E-2BDD-4640-AFD8-3096E59BF53A}.Debug|Any CPU.ActiveCfg = Debug|Any CPU
		{206B3A8E-2BDD-4640-AFD8-3096E59BF53A}.Debug|Any CPU.Build.0 = Debug|Any CPU
		{206B3A8E-2BDD-4640-AFD8-3096E59BF53A}.Release|Any CPU.ActiveCfg = Release|Any CPU
		{206B3A8E-2BDD-4640-AFD8-3096E59BF53A}.Release|Any CPU.Build.0 = Release|Any CPU
		{919EF6C3-17E7-4557-A4C1-F76492357899}.Debug|Any CPU.ActiveCfg = Debug|Any CPU
		{919EF6C3-17E7-4557-A4C1-F76492357899}.Debug|Any CPU.Build.0 = Debug|Any CPU
		{919EF6C3-17E7-4557-A4C1-F76492357899}.Release|Any CPU.ActiveCfg = Release|Any CPU
		{919EF6C3-17E7-4557-A4C1-F76492357899}.Release|Any CPU.Build.0 = Release|Any CPU
	EndGlobalSection
	GlobalSection(SolutionProperties) = preSolution
		HideSolutionNode = FALSE
	EndGlobalSection
	GlobalSection(NestedProjects) = preSolution
		{D46DEEEF-C7DC-421A-A23E-1F741A7E0C4F} = {878F600A-21A1-455F-AB35-6D2180BC8985}
		{D647D38C-F3DB-4E1A-932A-A9D09694366D} = {C2EE013E-B36E-46F9-B65B-F018505E1753}
		{9D965841-32DA-493E-9D71-E5800D568832} = {C2EE013E-B36E-46F9-B65B-F018505E1753}
		{E07C7453-2F6A-4461-A18C-CF08EAD0966B} = {C2EE013E-B36E-46F9-B65B-F018505E1753}
		{450EDD7B-A475-4855-85AC-DABB16E9F01A} = {C2EE013E-B36E-46F9-B65B-F018505E1753}
		{8E4FBFBB-3261-477C-A21B-65182EB87F23} = {C2EE013E-B36E-46F9-B65B-F018505E1753}
		{533ECC10-BEB3-40CF-8C86-4F7E876DB02B} = {112D82BE-E910-4587-AF91-62C0B5396331}
		{681D38C4-09AB-48A4-8451-68A16C94ACE5} = {07BF3C5C-50F0-406C-9CF8-2936439B85B8}
		{B1B23B01-3C8F-4E4B-9455-7AFC5E6D3A61} = {07BF3C5C-50F0-406C-9CF8-2936439B85B8}
		{CB2D8439-D1FC-4CF2-9EC3-E2B4972FE5FC} = {07BF3C5C-50F0-406C-9CF8-2936439B85B8}
		{670B8F84-B0FF-4F55-9BF3-D666D9F46E5D} = {07BF3C5C-50F0-406C-9CF8-2936439B85B8}
		{EF31A7A2-AE8F-40DD-87E7-4240B2169163} = {07BF3C5C-50F0-406C-9CF8-2936439B85B8}
		{A54F0E3C-A3D4-4A6E-A3B8-66EC1D45339E} = {07BF3C5C-50F0-406C-9CF8-2936439B85B8}
		{4C92ED2F-EE0D-4653-B3E4-E1E686750928} = {649EF009-A6CA-4793-979D-4ABE3D9359E7}
		{95FE061D-9663-4AAC-BC86-59563B16679C} = {747E8E91-6428-4F2A-8B08-E070E1779A00}
		{F9B04D0A-14A4-4C8B-BF29-D8596FD223C1} = {8368BDD8-2593-4E88-BF69-C3AEA06AF797}
		{5FF631A4-EE01-42A3-ABB0-A3C260605136} = {C61F24F8-0F89-4DFF-BFCA-2F342C353B80}
		{F3F5A65A-091D-4314-946C-1CD4121FAA67} = {C61F24F8-0F89-4DFF-BFCA-2F342C353B80}
		{FD81B171-88BC-4C00-96AF-1230B994DCE5} = {C61F24F8-0F89-4DFF-BFCA-2F342C353B80}
		{CFF9A55F-99E9-465D-92FA-AF2A578999EE} = {C61F24F8-0F89-4DFF-BFCA-2F342C353B80}
		{07D64EF7-CF03-461B-8A80-9711B2C30B39} = {C61F24F8-0F89-4DFF-BFCA-2F342C353B80}
		{6742F8E3-4EB6-4494-935F-530FCD0C7BEE} = {07BF3C5C-50F0-406C-9CF8-2936439B85B8}
		{C7BD88A7-CD42-4FE3-AB55-0660E9DDBC29} = {6742F8E3-4EB6-4494-935F-530FCD0C7BEE}
		{409438E0-163A-4940-B116-DE5BB7695168} = {34BEE5C9-2FCD-43A6-BA21-0AFD9070EA9D}
		{F98AA90A-96A9-4169-B50B-6FE2B0287F89} = {C61F24F8-0F89-4DFF-BFCA-2F342C353B80}
		{1BE3C248-D2B7-4AB6-8E1C-FB0FAC97B463} = {34BEE5C9-2FCD-43A6-BA21-0AFD9070EA9D}
		{DA703826-6F76-4776-9D6D-1B402DA881F1} = {34BEE5C9-2FCD-43A6-BA21-0AFD9070EA9D}
		{206B3A8E-2BDD-4640-AFD8-3096E59BF53A} = {34BEE5C9-2FCD-43A6-BA21-0AFD9070EA9D}
		{919EF6C3-17E7-4557-A4C1-F76492357899} = {9FB4945E-586E-48DB-B72C-F43DFF466C2C}
	EndGlobalSection
	GlobalSection(ExtensibilityGlobals) = postSolution
		SolutionGuid = {86D6AF66-426B-4F67-82A7-FA37413B8044}
	EndGlobalSection
EndGlobal
