
Microsoft Visual Studio Solution File, Format Version 12.00
# Visual Studio Version 17
VisualStudioVersion = 17.0.32014.148
MinimumVisualStudioVersion = 10.0.40219.1
Project("{2150E333-8FDC-42A3-9474-1A3956D46DE8}") = "MicrosoftHostSample", "MicrosoftHostSample", "{878F600A-21A1-455F-AB35-6D2180BC8985}"
EndProject
Project("{FAE04EC0-301F-11D3-BF4B-00C04F79EFBC}") = "HostSample", "Host.Research\HostSample.csproj", "{D46DEEEF-C7DC-421A-A23E-1F741A7E0C4F}"
EndProject
Project("{2150E333-8FDC-42A3-9474-1A3956D46DE8}") = "MultiHostinInNServiceBus", "MultiHostinInNServiceBus", "{C2EE013E-B36E-46F9-B65B-F018505E1753}"
EndProject
Project("{FAE04EC0-301F-11D3-BF4B-00C04F79EFBC}") = "Shared", "Shared\Shared.csproj", "{D647D38C-F3DB-4E1A-932A-A9D09694366D}"
EndProject
Project("{FAE04EC0-301F-11D3-BF4B-00C04F79EFBC}") = "Sample.Sender", "Sample.Sender\Sample.Sender.csproj", "{9D965841-32DA-493E-9D71-E5800D568832}"
EndProject
Project("{FAE04EC0-301F-11D3-BF4B-00C04F79EFBC}") = "Sample.MultiHosting", "Sample.MultiHosting\Sample.MultiHosting.csproj", "{E07C7453-2F6A-4461-A18C-CF08EAD0966B}"
EndProject
Project("{FAE04EC0-301F-11D3-BF4B-00C04F79EFBC}") = "Instance2", "Instance2\Instance2.csproj", "{450EDD7B-A475-4855-85AC-DABB16E9F01A}"
EndProject
Project("{FAE04EC0-301F-11D3-BF4B-00C04F79EFBC}") = "Instance1", "Instance1\Instance1.csproj", "{8E4FBFBB-3261-477C-A21B-65182EB87F23}"
EndProject
Global
	GlobalSection(SolutionConfigurationPlatforms) = preSolution
		Debug|Any CPU = Debug|Any CPU
		Release|Any CPU = Release|Any CPU
	EndGlobalSection
	GlobalSection(ProjectConfigurationPlatforms) = postSolution
		{D46DEEEF-C7DC-421A-A23E-1F741A7E0C4F}.Debug|Any CPU.ActiveCfg = Debug|Any CPU
		{D46DEEEF-C7DC-421A-A23E-1F741A7E0C4F}.Debug|Any CPU.Build.0 = Debug|Any CPU
		{D46DEEEF-C7DC-421A-A23E-1F741A7E0C4F}.Release|Any CPU.ActiveCfg = Release|Any CPU
		{D46DEEEF-C7DC-421A-A23E-1F741A7E0C4F}.Release|Any CPU.Build.0 = Release|Any CPU
		{D647D38C-F3DB-4E1A-932A-A9D09694366D}.Debug|Any CPU.ActiveCfg = Debug|Any CPU
		{D647D38C-F3DB-4E1A-932A-A9D09694366D}.Debug|Any CPU.Build.0 = Debug|Any CPU
		{D647D38C-F3DB-4E1A-932A-A9D09694366D}.Release|Any CPU.ActiveCfg = Release|Any CPU
		{D647D38C-F3DB-4E1A-932A-A9D09694366D}.Release|Any CPU.Build.0 = Release|Any CPU
		{9D965841-32DA-493E-9D71-E5800D568832}.Debug|Any CPU.ActiveCfg = Debug|Any CPU
		{9D965841-32DA-493E-9D71-E5800D568832}.Debug|Any CPU.Build.0 = Debug|Any CPU
		{9D965841-32DA-493E-9D71-E5800D568832}.Release|Any CPU.ActiveCfg = Release|Any CPU
		{9D965841-32DA-493E-9D71-E5800D568832}.Release|Any CPU.Build.0 = Release|Any CPU
		{E07C7453-2F6A-4461-A18C-CF08EAD0966B}.Debug|Any CPU.ActiveCfg = Debug|Any CPU
		{E07C7453-2F6A-4461-A18C-CF08EAD0966B}.Debug|Any CPU.Build.0 = Debug|Any CPU
		{E07C7453-2F6A-4461-A18C-CF08EAD0966B}.Release|Any CPU.ActiveCfg = Release|Any CPU
		{E07C7453-2F6A-4461-A18C-CF08EAD0966B}.Release|Any CPU.Build.0 = Release|Any CPU
		{450EDD7B-A475-4855-85AC-DABB16E9F01A}.Debug|Any CPU.ActiveCfg = Debug|Any CPU
		{450EDD7B-A475-4855-85AC-DABB16E9F01A}.Debug|Any CPU.Build.0 = Debug|Any CPU
		{450EDD7B-A475-4855-85AC-DABB16E9F01A}.Release|Any CPU.ActiveCfg = Release|Any CPU
		{450EDD7B-A475-4855-85AC-DABB16E9F01A}.Release|Any CPU.Build.0 = Release|Any CPU
		{8E4FBFBB-3261-477C-A21B-65182EB87F23}.Debug|Any CPU.ActiveCfg = Debug|Any CPU
		{8E4FBFBB-3261-477C-A21B-65182EB87F23}.Debug|Any CPU.Build.0 = Debug|Any CPU
		{8E4FBFBB-3261-477C-A21B-65182EB87F23}.Release|Any CPU.ActiveCfg = Release|Any CPU
		{8E4FBFBB-3261-477C-A21B-65182EB87F23}.Release|Any CPU.Build.0 = Release|Any CPU
	EndGlobalSection
	GlobalSection(SolutionProperties) = preSolution
		HideSolutionNode = FALSE
	EndGlobalSection
	GlobalSection(NestedProjects) = preSolution
		{D46DEEEF-C7DC-421A-A23E-1F741A7E0C4F} = {878F600A-21A1-455F-AB35-6D2180BC8985}
		{D647D38C-F3DB-4E1A-932A-A9D09694366D} = {C2EE013E-B36E-46F9-B65B-F018505E1753}
		{9D965841-32DA-493E-9D71-E5800D568832} = {C2EE013E-B36E-46F9-B65B-F018505E1753}
		{E07C7453-2F6A-4461-A18C-CF08EAD0966B} = {C2EE013E-B36E-46F9-B65B-F018505E1753}
		{450EDD7B-A475-4855-85AC-DABB16E9F01A} = {C2EE013E-B36E-46F9-B65B-F018505E1753}
		{8E4FBFBB-3261-477C-A21B-65182EB87F23} = {C2EE013E-B36E-46F9-B65B-F018505E1753}
	EndGlobalSection
	GlobalSection(ExtensibilityGlobals) = postSolution
		SolutionGuid = {86D6AF66-426B-4F67-82A7-FA37413B8044}
	EndGlobalSection
EndGlobal
